# This file is autogenerated, do not edit; changes may be undone by the next 'dep ensure'.


[[projects]]
  branch = "master"
  name = "github.com/gin-contrib/sse"
  packages = ["."]
  revision = "22d885f9ecc78bf4ee5d72b937e4bbcdc58e8cae"

[[projects]]
  name = "github.com/gin-gonic/gin"
  packages = [".","binding","json","render"]
  revision = "76ad15ab32d000115cb7622a8317d7425dfc039c"

[[projects]]
  name = "github.com/go-sql-driver/mysql"
  packages = ["."]
  revision = "fade21009797158e7b79e04c340118a9220c6f9e"

[[projects]]
  name = "github.com/golang/protobuf"
  packages = ["proto"]
  revision = "1643683e1b54a9e88ad26d98f81400c8c9d9f4f9"

[[projects]]
  name = "github.com/itsjamie/gin-cors"
  packages = ["."]
  revision = "97b4a9da79331dfa2b6d35f4cdd1e50f5148859c"
  version = "1.0.0"

[[projects]]
  branch = "master"
  name = "github.com/jinzhu/gorm"
  packages = ["."]
  revision = "0a51f6cdc55d1650d9ed3b4c13026cfa9133b01e"

[[projects]]
  branch = "master"
  name = "github.com/jinzhu/inflection"
  packages = ["."]
  revision = "1c35d901db3da928c72a72d8458480cc9ade058f"

[[projects]]
  name = "github.com/json-iterator/go"
  packages = ["."]
  revision = "aed5a81f09330b8d254a117fb853e2f886f1cb3b"

[[projects]]
  branch = "master"
  name = "github.com/mattn/go-isatty"
  packages = ["."]
  revision = "6ca4dbf54d38eea1a992b3c722a76a5d1c4cb25c"

[[projects]]
  name = "github.com/satori/go.uuid"
  packages = ["."]
  revision = "879c5887cd475cd7864858769793b2ceb0d44feb"
  version = "v1.1.0"

[[projects]]
  name = "github.com/ugorji/go"
  packages = ["codec"]
  revision = "3c86213f839c6a21d88c21b290e7601cff44dbca"

[[projects]]
  name = "golang.org/x/sys"
  packages = ["unix"]
  revision = "d4266bc12aae0b4128952c889b769442fce5d2f1"

[[projects]]
  name = "gopkg.in/go-playground/validator.v8"
  packages = ["."]
  revision = "5f1438d3fca68893a817e4a66806cea46a9e4ebf"
  version = "v8.18.2"

[[projects]]
  name = "gopkg.in/yaml.v2"
  packages = ["."]
  revision = "eb3733d160e74a9c7e442f435eb3bea458e1d19f"

[solve-meta]
  analyzer-name = "dep"
  analyzer-version = 1
  inputs-digest = "f56dec3bdefeab22fdd6808fe171f1ad4ff2dd037c230839580e56d543ba301d"
  solver-name = "gps-cdcl"
  solver-version = 1
