{
  "requires": true,
  "lockfileVersion": 1,
  "dependencies": {
    "buefy": {
      "version": "0.6.1",
      "resolved": "https://registry.npmjs.org/buefy/-/buefy-0.6.1.tgz",
      "integrity": "sha512-GRh7GpSbcjKwXHd8lFQbsiVexDk9mVgPGNeNxhQfNdlCj61b4ExJC4/V5KCn+OEEO9NzsLufVOo6RK38a/aS9Q==",
      "requires": {
        "bulma": "0.6.1",
        "vue": "2.5.9"
      }
    },
    "bulma": {
      "version": "0.6.1",
      "resolved": "https://registry.npmjs.org/bulma/-/bulma-0.6.1.tgz",
      "integrity": "sha1-XyGnfAwG99gAUcBmKMI1Fggb1kk="
    },
    "vue": {
      "version": "2.5.9",
      "resolved": "https://registry.npmjs.org/vue/-/vue-2.5.9.tgz",
      "integrity": "sha512-9B9XBpCtj8y5eJFrspIcKxIWt+lG9FMdF8qgyOlUeOIvcS4xSAvcARygbzHA6Pi0KWFj4BvxjtWbuPVWRx/wuA=="
    }
  }
}
